
Microsoft Visual Studio Solution File, Format Version 12.00
# Visual Studio 15
Project("{FAE04EC0-301F-11D3-BF4B-00C04F79EFBC}") = "Assembly-CSharp", "Assembly-CSharp.csproj", "{D6749461-E637-9539-883F-50524E0BB396}"
EndProject
Project("{FAE04EC0-301F-11D3-BF4B-00C04F79EFBC}") = "Assembly-CSharp-Editor", "Assembly-CSharp-Editor.csproj", "{00BD702E-773C-CD98-679E-269780F18679}"
EndProject
Global
	GlobalSection(SolutionConfigurationPlatforms) = preSolution
		Debug|Any CPU = Debug|Any CPU
		Release|Any CPU = Release|Any CPU
	EndGlobalSection
	GlobalSection(ProjectConfigurationPlatforms) = postSolution
		{D6749461-E637-9539-883F-50524E0BB396}.Debug|Any CPU.ActiveCfg = Debug|Any CPU
		{D6749461-E637-9539-883F-50524E0BB396}.Debug|Any CPU.Build.0 = Debug|Any CPU
		{D6749461-E637-9539-883F-50524E0BB396}.Release|Any CPU.ActiveCfg = Release|Any CPU
		{D6749461-E637-9539-883F-50524E0BB396}.Release|Any CPU.Build.0 = Release|Any CPU
		{00BD702E-773C-CD98-679E-269780F18679}.Debug|Any CPU.ActiveCfg = Debug|Any CPU
		{00BD702E-773C-CD98-679E-269780F18679}.Debug|Any CPU.Build.0 = Debug|Any CPU
		{00BD702E-773C-CD98-679E-269780F18679}.Release|Any CPU.ActiveCfg = Release|Any CPU
		{00BD702E-773C-CD98-679E-269780F18679}.Release|Any CPU.Build.0 = Release|Any CPU
	EndGlobalSection
	GlobalSection(SolutionProperties) = preSolution
		HideSolutionNode = FALSE
	EndGlobalSection
EndGlobal
